github.com/abdfnx/gosh v0.4.0 h1:cBvmHw8yV3oXiAcORpi7Oip+MT6/5HBMOrvpn0cZNYM=
github.com/abdfnx/gosh v0.4.0/go.mod h1:MUTJRMc7FpBb/bFnZ2U0hj48zj8284J1cS3AUiIRZ/o=
github.com/gofrs/flock v0.13.1 h1:jjREztyBeSKBZYAC+mgc1laB+xsgy4kYMf3FbKF2UBo=
github.com/gofrs/flock v0.13.1/go.mod h1:sf4BFiHwnvgxa25DlQoDqXQnwRMEOwqxRq37P6MzzmE=
golang.org/x/sys v0.47.0 h1:o7XGOvZQCADBQQ4Y7VNq2dRWQR7JmOUW8Kxx4ZsNgWs=
golang.org/x/sys v0.47.0/go.mod h1:4GL1E5IUh+htKOUEOaiffhrAeqysfVGipDYzABqnCmw=
